
Microsoft Visual Studio Solution File, Format Version 12.00
# Visual Studio Version 17
VisualStudioVersion = 17.3.32811.315
MinimumVisualStudioVersion = 10.0.40219.1
Project("{FAE04EC0-301F-11D3-BF4B-00C04F79EFBC}") = "ViewComponentsFirst", "ViewComponentsFirst\ViewComponentsFirst.csproj", "{157D1DF0-5FF4-42A4-8E36-996CC893AB8E}"
EndProject
Global
	GlobalSection(SolutionConfigurationPlatforms) = preSolution
		Debug|Any CPU = Debug|Any CPU
		Release|Any CPU = Release|Any CPU
	EndGlobalSection
	GlobalSection(ProjectConfigurationPlatforms) = postSolution
		{157D1DF0-5FF4-42A4-8E36-996CC893AB8E}.Debug|Any CPU.ActiveCfg = Debug|Any CPU
		{157D1DF0-5FF4-42A4-8E36-996CC893AB8E}.Debug|Any CPU.Build.0 = Debug|Any CPU
		{157D1DF0-5FF4-42A4-8E36-996CC893AB8E}.Release|Any CPU.ActiveCfg = Release|Any CPU
		{157D1DF0-5FF4-42A4-8E36-996CC893AB8E}.Release|Any CPU.Build.0 = Release|Any CPU
	EndGlobalSection
	GlobalSection(SolutionProperties) = preSolution
		HideSolutionNode = FALSE
	EndGlobalSection
	GlobalSection(ExtensibilityGlobals) = postSolution
		SolutionGuid = {A84F75B6-093C-4319-A3CA-B2201E306D21}
	EndGlobalSection
EndGlobal
