
Microsoft Visual Studio Solution File, Format Version 12.00
# Visual Studio Version 17
VisualStudioVersion = 17.2.32616.157
MinimumVisualStudioVersion = 10.0.40219.1
Project("{FAE04EC0-301F-11D3-BF4B-00C04F79EFBC}") = "SectionsDemo", "SectionsDemo\SectionsDemo.csproj", "{9A7902D0-8EA8-42EF-A848-246103D1FD96}"
EndProject
Global
	GlobalSection(SolutionConfigurationPlatforms) = preSolution
		Debug|Any CPU = Debug|Any CPU
		Release|Any CPU = Release|Any CPU
	EndGlobalSection
	GlobalSection(ProjectConfigurationPlatforms) = postSolution
		{9A7902D0-8EA8-42EF-A848-246103D1FD96}.Debug|Any CPU.ActiveCfg = Debug|Any CPU
		{9A7902D0-8EA8-42EF-A848-246103D1FD96}.Debug|Any CPU.Build.0 = Debug|Any CPU
		{9A7902D0-8EA8-42EF-A848-246103D1FD96}.Release|Any CPU.ActiveCfg = Release|Any CPU
		{9A7902D0-8EA8-42EF-A848-246103D1FD96}.Release|Any CPU.Build.0 = Release|Any CPU
	EndGlobalSection
	GlobalSection(SolutionProperties) = preSolution
		HideSolutionNode = FALSE
	EndGlobalSection
	GlobalSection(ExtensibilityGlobals) = postSolution
		SolutionGuid = {57DEB8AF-66C8-43DC-9A64-B59F9B331237}
	EndGlobalSection
EndGlobal
