
Microsoft Visual Studio Solution File, Format Version 12.00
# Visual Studio Version 17
VisualStudioVersion = 17.0.32112.339
MinimumVisualStudioVersion = 10.0.40219.1
Project("{FAE04EC0-301F-11D3-BF4B-00C04F79EFBC}") = "Homework", "Homework\Homework.csproj", "{D0B9DB8A-8B44-4D7B-A402-E644A0087661}"
EndProject
Global
	GlobalSection(SolutionConfigurationPlatforms) = preSolution
		Debug|Any CPU = Debug|Any CPU
		Release|Any CPU = Release|Any CPU
	EndGlobalSection
	GlobalSection(ProjectConfigurationPlatforms) = postSolution
		{D0B9DB8A-8B44-4D7B-A402-E644A0087661}.Debug|Any CPU.ActiveCfg = Debug|Any CPU
		{D0B9DB8A-8B44-4D7B-A402-E644A0087661}.Debug|Any CPU.Build.0 = Debug|Any CPU
		{D0B9DB8A-8B44-4D7B-A402-E644A0087661}.Release|Any CPU.ActiveCfg = Release|Any CPU
		{D0B9DB8A-8B44-4D7B-A402-E644A0087661}.Release|Any CPU.Build.0 = Release|Any CPU
	EndGlobalSection
	GlobalSection(SolutionProperties) = preSolution
		HideSolutionNode = FALSE
	EndGlobalSection
	GlobalSection(ExtensibilityGlobals) = postSolution
		SolutionGuid = {508F91C3-8F59-4468-88E8-2165758518E8}
	EndGlobalSection
EndGlobal
