
Microsoft Visual Studio Solution File, Format Version 12.00
# Visual Studio Version 17
VisualStudioVersion = 17.2.32616.157
MinimumVisualStudioVersion = 10.0.40219.1
Project("{9A19103F-16F7-4668-BE54-9A1E7A4F7556}") = "Home_Work", "Home_Work_29.06\Home_Work.csproj", "{01759600-E15E-4603-A1DD-E3B75E0601EC}"
EndProject
Global
	GlobalSection(SolutionConfigurationPlatforms) = preSolution
		Debug|Any CPU = Debug|Any CPU
		Release|Any CPU = Release|Any CPU
	EndGlobalSection
	GlobalSection(ProjectConfigurationPlatforms) = postSolution
		{01759600-E15E-4603-A1DD-E3B75E0601EC}.Debug|Any CPU.ActiveCfg = Debug|Any CPU
		{01759600-E15E-4603-A1DD-E3B75E0601EC}.Debug|Any CPU.Build.0 = Debug|Any CPU
		{01759600-E15E-4603-A1DD-E3B75E0601EC}.Release|Any CPU.ActiveCfg = Release|Any CPU
		{01759600-E15E-4603-A1DD-E3B75E0601EC}.Release|Any CPU.Build.0 = Release|Any CPU
	EndGlobalSection
	GlobalSection(SolutionProperties) = preSolution
		HideSolutionNode = FALSE
	EndGlobalSection
	GlobalSection(ExtensibilityGlobals) = postSolution
		SolutionGuid = {2FF443BD-A36B-46DD-9FF8-1C781E1B1367}
	EndGlobalSection
EndGlobal
