
Microsoft Visual Studio Solution File, Format Version 12.00
# Visual Studio Version 17
VisualStudioVersion = 17.2.32602.215
MinimumVisualStudioVersion = 10.0.40219.1
Project("{9A19103F-16F7-4668-BE54-9A1E7A4F7556}") = "RazorPagesSyntaxPost", "RazorPagesSyntaxPost\RazorPagesSyntaxPost.csproj", "{92B4C0C8-96D0-4178-B7EC-2BBC5A34638A}"
EndProject
Global
	GlobalSection(SolutionConfigurationPlatforms) = preSolution
		Debug|Any CPU = Debug|Any CPU
		Release|Any CPU = Release|Any CPU
	EndGlobalSection
	GlobalSection(ProjectConfigurationPlatforms) = postSolution
		{92B4C0C8-96D0-4178-B7EC-2BBC5A34638A}.Debug|Any CPU.ActiveCfg = Debug|Any CPU
		{92B4C0C8-96D0-4178-B7EC-2BBC5A34638A}.Debug|Any CPU.Build.0 = Debug|Any CPU
		{92B4C0C8-96D0-4178-B7EC-2BBC5A34638A}.Release|Any CPU.ActiveCfg = Release|Any CPU
		{92B4C0C8-96D0-4178-B7EC-2BBC5A34638A}.Release|Any CPU.Build.0 = Release|Any CPU
	EndGlobalSection
	GlobalSection(SolutionProperties) = preSolution
		HideSolutionNode = FALSE
	EndGlobalSection
	GlobalSection(ExtensibilityGlobals) = postSolution
		SolutionGuid = {65E48072-FEAB-4DC8-93B5-772332F0C3DD}
	EndGlobalSection
EndGlobal
